
Microsoft Visual Studio Solution File, Format Version 12.00
# Visual Studio Version 16
VisualStudioVersion = 16.0.30225.117
MinimumVisualStudioVersion = 10.0.40219.1
Project("{9A19103F-16F7-4668-BE54-9A1E7A4F7556}") = "Chords", "Chords\Chords.csproj", "{1D7694BE-1B0C-4BE5-9816-6967E0130075}"
EndProject
Project("{9A19103F-16F7-4668-BE54-9A1E7A4F7556}") = "ChordsTest", "ChordsTest\ChordsTest.csproj", "{378F26E5-AE7A-4ABD-9321-17FD9E534C27}"
EndProject
Project("{9A19103F-16F7-4668-BE54-9A1E7A4F7556}") = "ChordTrainer", "ChordTrainer\ChordTrainer.csproj", "{4F391423-1968-4722-9D46-747F69F24A5D}"
EndProject
Project("{9A19103F-16F7-4668-BE54-9A1E7A4F7556}") = "ChordsDesktop", "ChordsDesktop\ChordsDesktop.csproj", "{59E78C24-9864-4A36-8A42-E68E0E49E6FD}"
EndProject
Project("{9A19103F-16F7-4668-BE54-9A1E7A4F7556}") = "ChordsConsole", "ChordsConsole\ChordsConsole.csproj", "{60796C2E-28BC-4E9B-984B-395886E32EE2}"
EndProject
Project("{9A19103F-16F7-4668-BE54-9A1E7A4F7556}") = "ChordsWebAPI", "ChordsWebAPI\ChordsWebAPI.csproj", "{2437C8BF-CA95-4AF1-A5E8-A49D8FF04D8B}"
EndProject
Project("{FAE04EC0-301F-11D3-BF4B-00C04F79EFBC}") = "ChordsWeb", "ChordsWeb\ChordsWeb.csproj", "{787A13C3-C9F3-4CD8-831B-07106F66DEE1}"
EndProject
Global
	GlobalSection(SolutionConfigurationPlatforms) = preSolution
		Debug|Any CPU = Debug|Any CPU
		Release|Any CPU = Release|Any CPU
	EndGlobalSection
	GlobalSection(ProjectConfigurationPlatforms) = postSolution
		{1D7694BE-1B0C-4BE5-9816-6967E0130075}.Debug|Any CPU.ActiveCfg = Debug|Any CPU
		{1D7694BE-1B0C-4BE5-9816-6967E0130075}.Debug|Any CPU.Build.0 = Debug|Any CPU
		{1D7694BE-1B0C-4BE5-9816-6967E0130075}.Release|Any CPU.ActiveCfg = Release|Any CPU
		{1D7694BE-1B0C-4BE5-9816-6967E0130075}.Release|Any CPU.Build.0 = Release|Any CPU
		{378F26E5-AE7A-4ABD-9321-17FD9E534C27}.Debug|Any CPU.ActiveCfg = Debug|Any CPU
		{378F26E5-AE7A-4ABD-9321-17FD9E534C27}.Debug|Any CPU.Build.0 = Debug|Any CPU
		{378F26E5-AE7A-4ABD-9321-17FD9E534C27}.Release|Any CPU.ActiveCfg = Release|Any CPU
		{378F26E5-AE7A-4ABD-9321-17FD9E534C27}.Release|Any CPU.Build.0 = Release|Any CPU
		{4F391423-1968-4722-9D46-747F69F24A5D}.Debug|Any CPU.ActiveCfg = Debug|Any CPU
		{4F391423-1968-4722-9D46-747F69F24A5D}.Debug|Any CPU.Build.0 = Debug|Any CPU
		{4F391423-1968-4722-9D46-747F69F24A5D}.Release|Any CPU.ActiveCfg = Release|Any CPU
		{4F391423-1968-4722-9D46-747F69F24A5D}.Release|Any CPU.Build.0 = Release|Any CPU
		{59E78C24-9864-4A36-8A42-E68E0E49E6FD}.Debug|Any CPU.ActiveCfg = Debug|Any CPU
		{59E78C24-9864-4A36-8A42-E68E0E49E6FD}.Debug|Any CPU.Build.0 = Debug|Any CPU
		{59E78C24-9864-4A36-8A42-E68E0E49E6FD}.Release|Any CPU.ActiveCfg = Release|Any CPU
		{59E78C24-9864-4A36-8A42-E68E0E49E6FD}.Release|Any CPU.Build.0 = Release|Any CPU
		{60796C2E-28BC-4E9B-984B-395886E32EE2}.Debug|Any CPU.ActiveCfg = Debug|Any CPU
		{60796C2E-28BC-4E9B-984B-395886E32EE2}.Debug|Any CPU.Build.0 = Debug|Any CPU
		{60796C2E-28BC-4E9B-984B-395886E32EE2}.Release|Any CPU.ActiveCfg = Release|Any CPU
		{60796C2E-28BC-4E9B-984B-395886E32EE2}.Release|Any CPU.Build.0 = Release|Any CPU
		{2437C8BF-CA95-4AF1-A5E8-A49D8FF04D8B}.Debug|Any CPU.ActiveCfg = Debug|Any CPU
		{2437C8BF-CA95-4AF1-A5E8-A49D8FF04D8B}.Debug|Any CPU.Build.0 = Debug|Any CPU
		{2437C8BF-CA95-4AF1-A5E8-A49D8FF04D8B}.Release|Any CPU.ActiveCfg = Release|Any CPU
		{2437C8BF-CA95-4AF1-A5E8-A49D8FF04D8B}.Release|Any CPU.Build.0 = Release|Any CPU
		{787A13C3-C9F3-4CD8-831B-07106F66DEE1}.Debug|Any CPU.ActiveCfg = Debug|Any CPU
		{787A13C3-C9F3-4CD8-831B-07106F66DEE1}.Debug|Any CPU.Build.0 = Debug|Any CPU
		{787A13C3-C9F3-4CD8-831B-07106F66DEE1}.Release|Any CPU.ActiveCfg = Release|Any CPU
		{787A13C3-C9F3-4CD8-831B-07106F66DEE1}.Release|Any CPU.Build.0 = Release|Any CPU
	EndGlobalSection
	GlobalSection(SolutionProperties) = preSolution
		HideSolutionNode = FALSE
	EndGlobalSection
	GlobalSection(ExtensibilityGlobals) = postSolution
		SolutionGuid = {919D8163-C890-4B45-9BA6-AD0D4F48ADBB}
	EndGlobalSection
EndGlobal
